
Microsoft Visual Studio Solution File, Format Version 12.00
# Visual Studio Version 16
VisualStudioVersion = 16.0.30225.117
MinimumVisualStudioVersion = 10.0.40219.1
Project("{9A19103F-16F7-4668-BE54-9A1E7A4F7556}") = "Asset_API", "Asset_API.csproj", "{C246B3EA-579B-4AF7-AFE9-6A714A732118}"
EndProject
Global
	GlobalSection(SolutionConfigurationPlatforms) = preSolution
		Debug|Any CPU = Debug|Any CPU
		Release|Any CPU = Release|Any CPU
	EndGlobalSection
	GlobalSection(ProjectConfigurationPlatforms) = postSolution
		{C246B3EA-579B-4AF7-AFE9-6A714A732118}.Debug|Any CPU.ActiveCfg = Debug|Any CPU
		{C246B3EA-579B-4AF7-AFE9-6A714A732118}.Debug|Any CPU.Build.0 = Debug|Any CPU
		{C246B3EA-579B-4AF7-AFE9-6A714A732118}.Release|Any CPU.ActiveCfg = Release|Any CPU
		{C246B3EA-579B-4AF7-AFE9-6A714A732118}.Release|Any CPU.Build.0 = Release|Any CPU
	EndGlobalSection
	GlobalSection(SolutionProperties) = preSolution
		HideSolutionNode = FALSE
	EndGlobalSection
	GlobalSection(ExtensibilityGlobals) = postSolution
		SolutionGuid = {F89BE152-9ED9-4C8C-805B-F4D339D9981B}
	EndGlobalSection
EndGlobal
